
Microsoft Visual Studio Solution File, Format Version 12.00
# Visual Studio 14
VisualStudioVersion = 14.0.23107.0
MinimumVisualStudioVersion = 10.0.40219.1
Project("{8BC9CEB8-8B4A-11D0-8D11-00A0C91BC942}") = "nrf24_reliable_datagram_server", "nrf24_reliable_datagram_server.vcxproj", "{DD50DC92-1D52-4B4F-9358-B11DD557F02A}"
EndProject
Project("{8BC9CEB8-8B4A-11D0-8D11-00A0C91BC942}") = "nrf24_reliable_datagram_client", "..\nrf24_reliable_datagram_client\nrf24_reliable_datagram_client.vcxproj", "{2B898E12-7F32-4B77-BC07-C0E20BFB3E3E}"
EndProject
Project("{8BC9CEB8-8B4A-11D0-8D11-00A0C91BC942}") = "ppm_bluetooth_compass_10_15_15", "..\ppm_bluetooth_compass_10_15_15\ppm_bluetooth_compass_10_15_15.vcxproj", "{3924D8F4-BB45-4BD6-8291-2B9B2CBB4C2C}"
EndProject
Global
	GlobalSection(SolutionConfigurationPlatforms) = preSolution
		Debug|x64 = Debug|x64
		Debug|x86 = Debug|x86
		Release|x64 = Release|x64
		Release|x86 = Release|x86
	EndGlobalSection
	GlobalSection(ProjectConfigurationPlatforms) = postSolution
		{DD50DC92-1D52-4B4F-9358-B11DD557F02A}.Debug|x64.ActiveCfg = Debug|x64
		{DD50DC92-1D52-4B4F-9358-B11DD557F02A}.Debug|x64.Build.0 = Debug|x64
		{DD50DC92-1D52-4B4F-9358-B11DD557F02A}.Debug|x86.ActiveCfg = Debug|Win32
		{DD50DC92-1D52-4B4F-9358-B11DD557F02A}.Debug|x86.Build.0 = Debug|Win32
		{DD50DC92-1D52-4B4F-9358-B11DD557F02A}.Release|x64.ActiveCfg = Release|x64
		{DD50DC92-1D52-4B4F-9358-B11DD557F02A}.Release|x64.Build.0 = Release|x64
		{DD50DC92-1D52-4B4F-9358-B11DD557F02A}.Release|x86.ActiveCfg = Release|Win32
		{DD50DC92-1D52-4B4F-9358-B11DD557F02A}.Release|x86.Build.0 = Release|Win32
		{2B898E12-7F32-4B77-BC07-C0E20BFB3E3E}.Debug|x64.ActiveCfg = Debug|x64
		{2B898E12-7F32-4B77-BC07-C0E20BFB3E3E}.Debug|x64.Build.0 = Debug|x64
		{2B898E12-7F32-4B77-BC07-C0E20BFB3E3E}.Debug|x86.ActiveCfg = Debug|Win32
		{2B898E12-7F32-4B77-BC07-C0E20BFB3E3E}.Debug|x86.Build.0 = Debug|Win32
		{2B898E12-7F32-4B77-BC07-C0E20BFB3E3E}.Release|x64.ActiveCfg = Release|x64
		{2B898E12-7F32-4B77-BC07-C0E20BFB3E3E}.Release|x64.Build.0 = Release|x64
		{2B898E12-7F32-4B77-BC07-C0E20BFB3E3E}.Release|x86.ActiveCfg = Release|Win32
		{2B898E12-7F32-4B77-BC07-C0E20BFB3E3E}.Release|x86.Build.0 = Release|Win32
		{3924D8F4-BB45-4BD6-8291-2B9B2CBB4C2C}.Debug|x64.ActiveCfg = Debug|x64
		{3924D8F4-BB45-4BD6-8291-2B9B2CBB4C2C}.Debug|x64.Build.0 = Debug|x64
		{3924D8F4-BB45-4BD6-8291-2B9B2CBB4C2C}.Debug|x86.ActiveCfg = Debug|Win32
		{3924D8F4-BB45-4BD6-8291-2B9B2CBB4C2C}.Debug|x86.Build.0 = Debug|Win32
		{3924D8F4-BB45-4BD6-8291-2B9B2CBB4C2C}.Release|x64.ActiveCfg = Release|x64
		{3924D8F4-BB45-4BD6-8291-2B9B2CBB4C2C}.Release|x64.Build.0 = Release|x64
		{3924D8F4-BB45-4BD6-8291-2B9B2CBB4C2C}.Release|x86.ActiveCfg = Release|Win32
		{3924D8F4-BB45-4BD6-8291-2B9B2CBB4C2C}.Release|x86.Build.0 = Release|Win32
	EndGlobalSection
	GlobalSection(SolutionProperties) = preSolution
		HideSolutionNode = FALSE
	EndGlobalSection
EndGlobal
